// !$*UTF8*$!
{
	archiveVersion = 1;
	classes = {
	};
	objectVersion = 56;
	objects = {

/* Begin PBXBuildFile section */
		13BD7DD32AB433F000A36EA7 /* DubaiConverterApp.swift in Sources */ = {isa = PBXBuildFile; fileRef = 13BD7DD22AB433F000A36EA7 /* DubaiConverterApp.swift */; };
		13BD7DD52AB433F000A36EA7 /* ConverterView.swift in Sources */ = {isa = PBXBuildFile; fileRef = 13BD7DD42AB433F000A36EA7 /* ConverterView.swift */; };
		13BD7DD72AB433F100A36EA7 /* Assets.xcassets in Resources */ = {isa = PBXBuildFile; fileRef = 13BD7DD62AB433F100A36EA7 /* Assets.xcassets */; };
		13BD7DDA2AB433F100A36EA7 /* Preview Assets.xcassets in Resources */ = {isa = PBXBuildFile; fileRef = 13BD7DD92AB433F100A36EA7 /* Preview Assets.xcassets */; };
		13BD7DED2AB43BA600A36EA7 /* Alamofire in Frameworks */ = {isa = PBXBuildFile; productRef = 13BD7DEC2AB43BA600A36EA7 /* Alamofire */; };
		13BD7E0B2AB4719D00A36EA7 /* ConverterViewModel.swift in Sources */ = {isa = PBXBuildFile; fileRef = 13BD7E0A2AB4719D00A36EA7 /* ConverterViewModel.swift */; };
		13BD7E0D2AB4752700A36EA7 /* Model.swift in Sources */ = {isa = PBXBuildFile; fileRef = 13BD7E0C2AB4752700A36EA7 /* Model.swift */; };
		13BD7E0F2AB4781000A36EA7 /* NetworkManager.swift in Sources */ = {isa = PBXBuildFile; fileRef = 13BD7E0E2AB4781000A36EA7 /* NetworkManager.swift */; };
/* End PBXBuildFile section */

/* Begin PBXFileReference section */
		13BD7DCF2AB433F000A36EA7 /* DubaiConverter.app */ = {isa = PBXFileReference; explicitFileType = wrapper.application; includeInIndex = 0; path = DubaiConverter.app; sourceTree = BUILT_PRODUCTS_DIR; };
		13BD7DD22AB433F000A36EA7 /* DubaiConverterApp.swift */ = {isa = PBXFileReference; lastKnownFileType = sourcecode.swift; path = DubaiConverterApp.swift; sourceTree = "<group>"; };
		13BD7DD42AB433F000A36EA7 /* ConverterView.swift */ = {isa = PBXFileReference; lastKnownFileType = sourcecode.swift; path = ConverterView.swift; sourceTree = "<group>"; };
		13BD7DD62AB433F100A36EA7 /* Assets.xcassets */ = {isa = PBXFileReference; lastKnownFileType = folder.assetcatalog; path = Assets.xcassets; sourceTree = "<group>"; };
		13BD7DD92AB433F100A36EA7 /* Preview Assets.xcassets */ = {isa = PBXFileReference; lastKnownFileType = folder.assetcatalog; path = "Preview Assets.xcassets"; sourceTree = "<group>"; };
		13BD7E0A2AB4719D00A36EA7 /* ConverterViewModel.swift */ = {isa = PBXFileReference; lastKnownFileType = sourcecode.swift; path = ConverterViewModel.swift; sourceTree = "<group>"; };
		13BD7E0C2AB4752700A36EA7 /* Model.swift */ = {isa = PBXFileReference; lastKnownFileType = sourcecode.swift; path = Model.swift; sourceTree = "<group>"; };
		13BD7E0E2AB4781000A36EA7 /* NetworkManager.swift */ = {isa = PBXFileReference; lastKnownFileType = sourcecode.swift; path = NetworkManager.swift; sourceTree = "<group>"; };
/* End PBXFileReference section */

/* Begin PBXFrameworksBuildPhase section */
		13BD7DCC2AB433F000A36EA7 /* Frameworks */ = {
			isa = PBXFrameworksBuildPhase;
			buildActionMask = 2147483647;
			files = (
				13BD7DED2AB43BA600A36EA7 /* Alamofire in Frameworks */,
			);
			runOnlyForDeploymentPostprocessing = 0;
		};
/* End PBXFrameworksBuildPhase section */

/* Begin PBXGroup section */
		13BD7DC62AB433F000A36EA7 = {
			isa = PBXGroup;
			children = (
				13BD7DD12AB433F000A36EA7 /* DubaiConverter */,
				13BD7DD02AB433F000A36EA7 /* Products */,
			);
			sourceTree = "<group>";
		};
		13BD7DD02AB433F000A36EA7 /* Products */ = {
			isa = PBXGroup;
			children = (
				13BD7DCF2AB433F000A36EA7 /* DubaiConverter.app */,
			);
			name = Products;
			sourceTree = "<group>";
		};
		13BD7DD12AB433F000A36EA7 /* DubaiConverter */ = {
			isa = PBXGroup;
			children = (
				13BD7DD22AB433F000A36EA7 /* DubaiConverterApp.swift */,
				13BD7E122AB4794300A36EA7 /* Views */,
				13BD7E102AB4792A00A36EA7 /* Model */,
				13BD7E112AB4793600A36EA7 /* Utilities */,
				13BD7DD62AB433F100A36EA7 /* Assets.xcassets */,
				13BD7DD82AB433F100A36EA7 /* Preview Content */,
			);
			path = DubaiConverter;
			sourceTree = "<group>";
		};
		13BD7DD82AB433F100A36EA7 /* Preview Content */ = {
			isa = PBXGroup;
			children = (
				13BD7DD92AB433F100A36EA7 /* Preview Assets.xcassets */,
			);
			path = "Preview Content";
			sourceTree = "<group>";
		};
		13BD7E102AB4792A00A36EA7 /* Model */ = {
			isa = PBXGroup;
			children = (
				13BD7E0C2AB4752700A36EA7 /* Model.swift */,
			);
			path = Model;
			sourceTree = "<group>";
		};
		13BD7E112AB4793600A36EA7 /* Utilities */ = {
			isa = PBXGroup;
			children = (
				13BD7E0E2AB4781000A36EA7 /* NetworkManager.swift */,
			);
			path = Utilities;
			sourceTree = "<group>";
		};
		13BD7E122AB4794300A36EA7 /* Views */ = {
			isa = PBXGroup;
			children = (
				13BD7DD42AB433F000A36EA7 /* ConverterView.swift */,
				13BD7E0A2AB4719D00A36EA7 /* ConverterViewModel.swift */,
			);
			path = Views;
			sourceTree = "<group>";
		};
/* End PBXGroup section */

/* Begin PBXNativeTarget section */
		13BD7DCE2AB433F000A36EA7 /* DubaiConverter */ = {
			isa = PBXNativeTarget;
			buildConfigurationList = 13BD7DDD2AB433F100A36EA7 /* Build configuration list for PBXNativeTarget "DubaiConverter" */;
			buildPhases = (
				13BD7DCB2AB433F000A36EA7 /* Sources */,
				13BD7DCC2AB433F000A36EA7 /* Frameworks */,
				13BD7DCD2AB433F000A36EA7 /* Resources */,
			);
			buildRules = (
			);
			dependencies = (
			);
			name = DubaiConverter;
			packageProductDependencies = (
				13BD7DEC2AB43BA600A36EA7 /* Alamofire */,
			);
			productName = DubaiConverter;
			productReference = 13BD7DCF2AB433F000A36EA7 /* DubaiConverter.app */;
			productType = "com.apple.product-type.application";
		};
/* End PBXNativeTarget section */

/* Begin PBXProject section */
		13BD7DC72AB433F000A36EA7 /* Project object */ = {
			isa = PBXProject;
			attributes = {
				BuildIndependentTargetsInParallel = 1;
				LastSwiftUpdateCheck = 1430;
				LastUpgradeCheck = 1430;
				TargetAttributes = {
					13BD7DCE2AB433F000A36EA7 = {
						CreatedOnToolsVersion = 14.3.1;
					};
				};
			};
			buildConfigurationList = 13BD7DCA2AB433F000A36EA7 /* Build configuration list for PBXProject "DubaiConverter" */;
			compatibilityVersion = "Xcode 14.0";
			developmentRegion = en;
			hasScannedForEncodings = 0;
			knownRegions = (
				en,
				Base,
			);
			mainGroup = 13BD7DC62AB433F000A36EA7;
			packageReferences = (
				13BD7DEB2AB43BA600A36EA7 /* XCRemoteSwiftPackageReference "Alamofire" */,
			);
			productRefGroup = 13BD7DD02AB433F000A36EA7 /* Products */;
			projectDirPath = "";
			projectRoot = "";
			targets = (
				13BD7DCE2AB433F000A36EA7 /* DubaiConverter */,
			);
		};
/* End PBXProject section */

/* Begin PBXResourcesBuildPhase section */
		13BD7DCD2AB433F000A36EA7 /* Resources */ = {
			isa = PBXResourcesBuildPhase;
			buildActionMask = 2147483647;
			files = (
				13BD7DDA2AB433F100A36EA7 /* Preview Assets.xcassets in Resources */,
				13BD7DD72AB433F100A36EA7 /* Assets.xcassets in Resources */,
			);
			runOnlyForDeploymentPostprocessing = 0;
		};
/* End PBXResourcesBuildPhase section */

/* Begin PBXSourcesBuildPhase section */
		13BD7DCB2AB433F000A36EA7 /* Sources */ = {
			isa = PBXSourcesBuildPhase;
			buildActionMask = 2147483647;
			files = (
				13BD7DD52AB433F000A36EA7 /* ConverterView.swift in Sources */,
				13BD7E0B2AB4719D00A36EA7 /* ConverterViewModel.swift in Sources */,
				13BD7E0F2AB4781000A36EA7 /* NetworkManager.swift in Sources */,
				13BD7DD32AB433F000A36EA7 /* DubaiConverterApp.swift in Sources */,
				13BD7E0D2AB4752700A36EA7 /* Model.swift in Sources */,
			);
			runOnlyForDeploymentPostprocessing = 0;
		};
/* End PBXSourcesBuildPhase section */

/* Begin XCBuildConfiguration section */
		13BD7DDB2AB433F100A36EA7 /* Debug */ = {
			isa = XCBuildConfiguration;
			buildSettings = {
				ALWAYS_SEARCH_USER_PATHS = NO;
				CLANG_ANALYZER_NONNULL = YES;
				CLANG_ANALYZER_NUMBER_OBJECT_CONVERSION = YES_AGGRESSIVE;
				CLANG_CXX_LANGUAGE_STANDARD = "gnu++20";
				CLANG_ENABLE_MODULES = YES;
				CLANG_ENABLE_OBJC_ARC = YES;
				CLANG_ENABLE_OBJC_WEAK = YES;
				CLANG_WARN_BLOCK_CAPTURE_AUTORELEASING = YES;
				CLANG_WARN_BOOL_CONVERSION = YES;
				CLANG_WARN_COMMA = YES;
				CLANG_WARN_CONSTANT_CONVERSION = YES;
				CLANG_WARN_DEPRECATED_OBJC_IMPLEMENTATIONS = YES;
				CLANG_WARN_DIRECT_OBJC_ISA_USAGE = YES_ERROR;
				CLANG_WARN_DOCUMENTATION_COMMENTS = YES;
				CLANG_WARN_EMPTY_BODY = YES;
				CLANG_WARN_ENUM_CONVERSION = YES;
				CLANG_WARN_INFINITE_RECURSION = YES;
				CLANG_WARN_INT_CONVERSION = YES;
				CLANG_WARN_NON_LITERAL_NULL_CONVERSION = YES;
				CLANG_WARN_OBJC_IMPLICIT_RETAIN_SELF = YES;
				CLANG_WARN_OBJC_LITERAL_CONVERSION = YES;
				CLANG_WARN_OBJC_ROOT_CLASS = YES_ERROR;
				CLANG_WARN_QUOTED_INCLUDE_IN_FRAMEWORK_HEADER = YES;
				CLANG_WARN_RANGE_LOOP_ANALYSIS = YES;
				CLANG_WARN_STRICT_PROTOTYPES = YES;
				CLANG_WARN_SUSPICIOUS_MOVE = YES;
				CLANG_WARN_UNGUARDED_AVAILABILITY = YES_AGGRESSIVE;
				CLANG_WARN_UNREACHABLE_CODE = YES;
				CLANG_WARN__DUPLICATE_METHOD_MATCH = YES;
				COPY_PHASE_STRIP = NO;
				DEBUG_INFORMATION_FORMAT = dwarf;
				ENABLE_STRICT_OBJC_MSGSEND = YES;
				ENABLE_TESTABILITY = YES;
				GCC_C_LANGUAGE_STANDARD = gnu11;
				GCC_DYNAMIC_NO_PIC = NO;
				GCC_NO_COMMON_BLOCKS = YES;
				GCC_OPTIMIZATION_LEVEL = 0;
				GCC_PREPROCESSOR_DEFINITIONS = (
					"DEBUG=1",
					"$(inherited)",
				);
				GCC_WARN_64_TO_32_BIT_CONVERSION = YES;
				GCC_WARN_ABOUT_RETURN_TYPE = YES_ERROR;
				GCC_WARN_UNDECLARED_SELECTOR = YES;
				GCC_WARN_UNINITIALIZED_AUTOS = YES_AGGRESSIVE;
				GCC_WARN_UNUSED_FUNCTION = YES;
				GCC_WARN_UNUSED_VARIABLE = YES;
				IPHONEOS_DEPLOYMENT_TARGET = 16.4;
				MTL_ENABLE_DEBUG_INFO = INCLUDE_SOURCE;
				MTL_FAST_MATH = YES;
				ONLY_ACTIVE_ARCH = YES;
				SDKROOT = iphoneos;
				SWIFT_ACTIVE_COMPILATION_CONDITIONS = DEBUG;
				SWIFT_OPTIMIZATION_LEVEL = "-Onone";
			};
			name = Debug;
		};
		13BD7DDC2AB433F100A36EA7 /* Release */ = {
			isa = XCBuildConfiguration;
			buildSettings = {
				ALWAYS_SEARCH_USER_PATHS = NO;
				CLANG_ANALYZER_NONNULL = YES;
				CLANG_ANALYZER_NUMBER_OBJECT_CONVERSION = YES_AGGRESSIVE;
				CLANG_CXX_LANGUAGE_STANDARD = "gnu++20";
				CLANG_ENABLE_MODULES = YES;
				CLANG_ENABLE_OBJC_ARC = YES;
				CLANG_ENABLE_OBJC_WEAK = YES;
				CLANG_WARN_BLOCK_CAPTURE_AUTORELEASING = YES;
				CLANG_WARN_BOOL_CONVERSION = YES;
				CLANG_WARN_COMMA = YES;
				CLANG_WARN_CONSTANT_CONVERSION = YES;
				CLANG_WARN_DEPRECATED_OBJC_IMPLEMENTATIONS = YES;
				CLANG_WARN_DIRECT_OBJC_ISA_USAGE = YES_ERROR;
				CLANG_WARN_DOCUMENTATION_COMMENTS = YES;
				CLANG_WARN_EMPTY_BODY = YES;
				CLANG_WARN_ENUM_CONVERSION = YES;
				CLANG_WARN_INFINITE_RECURSION = YES;
				CLANG_WARN_INT_CONVERSION = YES;
				CLANG_WARN_NON_LITERAL_NULL_CONVERSION = YES;
				CLANG_WARN_OBJC_IMPLICIT_RETAIN_SELF = YES;
				CLANG_WARN_OBJC_LITERAL_CONVERSION = YES;
				CLANG_WARN_OBJC_ROOT_CLASS = YES_ERROR;
				CLANG_WARN_QUOTED_INCLUDE_IN_FRAMEWORK_HEADER = YES;
				CLANG_WARN_RANGE_LOOP_ANALYSIS = YES;
				CLANG_WARN_STRICT_PROTOTYPES = YES;
				CLANG_WARN_SUSPICIOUS_MOVE = YES;
				CLANG_WARN_UNGUARDED_AVAILABILITY = YES_AGGRESSIVE;
				CLANG_WARN_UNREACHABLE_CODE = YES;
				CLANG_WARN__DUPLICATE_METHOD_MATCH = YES;
				COPY_PHASE_STRIP = NO;
				DEBUG_INFORMATION_FORMAT = "dwarf-with-dsym";
				ENABLE_NS_ASSERTIONS = NO;
				ENABLE_STRICT_OBJC_MSGSEND = YES;
				GCC_C_LANGUAGE_STANDARD = gnu11;
				GCC_NO_COMMON_BLOCKS = YES;
				GCC_WARN_64_TO_32_BIT_CONVERSION = YES;
				GCC_WARN_ABOUT_RETURN_TYPE = YES_ERROR;
				GCC_WARN_UNDECLARED_SELECTOR = YES;
				GCC_WARN_UNINITIALIZED_AUTOS = YES_AGGRESSIVE;
				GCC_WARN_UNUSED_FUNCTION = YES;
				GCC_WARN_UNUSED_VARIABLE = YES;
				IPHONEOS_DEPLOYMENT_TARGET = 16.4;
				MTL_ENABLE_DEBUG_INFO = NO;
				MTL_FAST_MATH = YES;
				SDKROOT = iphoneos;
				SWIFT_COMPILATION_MODE = wholemodule;
				SWIFT_OPTIMIZATION_LEVEL = "-O";
				VALIDATE_PRODUCT = YES;
			};
			name = Release;
		};
		13BD7DDE2AB433F100A36EA7 /* Debug */ = {
			isa = XCBuildConfiguration;
			buildSettings = {
				ASSETCATALOG_COMPILER_APPICON_NAME = AppIcon;
				ASSETCATALOG_COMPILER_GLOBAL_ACCENT_COLOR_NAME = AccentColor;
				CODE_SIGN_STYLE = Automatic;
				CURRENT_PROJECT_VERSION = 1;
				DEVELOPMENT_ASSET_PATHS = "\"DubaiConverter/Preview Content\"";
				DEVELOPMENT_TEAM = 52G98N4K4T;
				ENABLE_PREVIEWS = YES;
				GENERATE_INFOPLIST_FILE = YES;
				INFOPLIST_KEY_CFBundleDisplayName = "Dubai Converter";
				INFOPLIST_KEY_LSApplicationCategoryType = "public.app-category.finance";
				INFOPLIST_KEY_UIApplicationSceneManifest_Generation = YES;
				INFOPLIST_KEY_UIApplicationSupportsIndirectInputEvents = YES;
				INFOPLIST_KEY_UILaunchScreen_Generation = YES;
				INFOPLIST_KEY_UISupportedInterfaceOrientations = UIInterfaceOrientationPortrait;
				IPHONEOS_DEPLOYMENT_TARGET = 16.0;
				LD_RUNPATH_SEARCH_PATHS = (
					"$(inherited)",
					"@executable_path/Frameworks",
				);
				MARKETING_VERSION = 1.0;
				PRODUCT_BUNDLE_IDENTIFIER = com.Micheli.DubaiConverter;
				PRODUCT_NAME = "$(TARGET_NAME)";
				SWIFT_EMIT_LOC_STRINGS = YES;
				SWIFT_VERSION = 5.0;
				TARGETED_DEVICE_FAMILY = "1,2";
			};
			name = Debug;
		};
		13BD7DDF2AB433F100A36EA7 /* Release */ = {
			isa = XCBuildConfiguration;
			buildSettings = {
				ASSETCATALOG_COMPILER_APPICON_NAME = AppIcon;
				ASSETCATALOG_COMPILER_GLOBAL_ACCENT_COLOR_NAME = AccentColor;
				CODE_SIGN_STYLE = Automatic;
				CURRENT_PROJECT_VERSION = 1;
				DEVELOPMENT_ASSET_PATHS = "\"DubaiConverter/Preview Content\"";
				DEVELOPMENT_TEAM = 52G98N4K4T;
				ENABLE_PREVIEWS = YES;
				GENERATE_INFOPLIST_FILE = YES;
				INFOPLIST_KEY_CFBundleDisplayName = "Dubai Converter";
				INFOPLIST_KEY_LSApplicationCategoryType = "public.app-category.finance";
				INFOPLIST_KEY_UIApplicationSceneManifest_Generation = YES;
				INFOPLIST_KEY_UIApplicationSupportsIndirectInputEvents = YES;
				INFOPLIST_KEY_UILaunchScreen_Generation = YES;
				INFOPLIST_KEY_UISupportedInterfaceOrientations = UIInterfaceOrientationPortrait;
				IPHONEOS_DEPLOYMENT_TARGET = 16.0;
				LD_RUNPATH_SEARCH_PATHS = (
					"$(inherited)",
					"@executable_path/Frameworks",
				);
				MARKETING_VERSION = 1.0;
				PRODUCT_BUNDLE_IDENTIFIER = com.Micheli.DubaiConverter;
				PRODUCT_NAME = "$(TARGET_NAME)";
				SWIFT_EMIT_LOC_STRINGS = YES;
				SWIFT_VERSION = 5.0;
				TARGETED_DEVICE_FAMILY = "1,2";
			};
			name = Release;
		};
/* End XCBuildConfiguration section */

/* Begin XCConfigurationList section */
		13BD7DCA2AB433F000A36EA7 /* Build configuration list for PBXProject "DubaiConverter" */ = {
			isa = XCConfigurationList;
			buildConfigurations = (
				13BD7DDB2AB433F100A36EA7 /* Debug */,
				13BD7DDC2AB433F100A36EA7 /* Release */,
			);
			defaultConfigurationIsVisible = 0;
			defaultConfigurationName = Release;
		};
		13BD7DDD2AB433F100A36EA7 /* Build configuration list for PBXNativeTarget "DubaiConverter" */ = {
			isa = XCConfigurationList;
			buildConfigurations = (
				13BD7DDE2AB433F100A36EA7 /* Debug */,
				13BD7DDF2AB433F100A36EA7 /* Release */,
			);
			defaultConfigurationIsVisible = 0;
			defaultConfigurationName = Release;
		};
/* End XCConfigurationList section */

/* Begin XCRemoteSwiftPackageReference section */
		13BD7DEB2AB43BA600A36EA7 /* XCRemoteSwiftPackageReference "Alamofire" */ = {
			isa = XCRemoteSwiftPackageReference;
			repositoryURL = "https://github.com/Alamofire/Alamofire";
			requirement = {
				kind = upToNextMajorVersion;
				minimumVersion = 5.0.0;
			};
		};
/* End XCRemoteSwiftPackageReference section */

/* Begin XCSwiftPackageProductDependency section */
		13BD7DEC2AB43BA600A36EA7 /* Alamofire */ = {
			isa = XCSwiftPackageProductDependency;
			package = 13BD7DEB2AB43BA600A36EA7 /* XCRemoteSwiftPackageReference "Alamofire" */;
			productName = Alamofire;
		};
/* End XCSwiftPackageProductDependency section */
	};
	rootObject = 13BD7DC72AB433F000A36EA7 /* Project object */;
}
